// !$*UTF8*$!
{
	archiveVersion = 1;
	classes = {
	};
	objectVersion = 77;
	objects = {

/* Begin PBXBuildFile section */
		FB9BABCA3034FD2D00858F73 /* WidgetKit.framework in Frameworks */ = {isa = PBXBuildFile; fileRef = FB9BABC93034FD2D00858F73 /* WidgetKit.framework */; };
		FB9BABCC3034FD2D00858F73 /* SwiftUI.framework in Frameworks */ = {isa = PBXBuildFile; fileRef = FB9BABCB3034FD2D00858F73 /* SwiftUI.framework */; };
		FB9BABDD3034FD2E00858F73 /* LiveMonitorWidgetExtension.appex in Embed Foundation Extensions */ = {isa = PBXBuildFile; fileRef = FB9BABC73034FD2D00858F73 /* LiveMonitorWidgetExtension.appex */; settings = {ATTRIBUTES = (RemoveHeadersOnCopy, ); }; };
		FBF265F6302DC2FE00DD9016 /* CocoaMQTT in Frameworks */ = {isa = PBXBuildFile; productRef = FBF265F5302DC2FE00DD9016 /* CocoaMQTT */; };
		FBF265F8302DC2FE00DD9016 /* CocoaMQTTWebSocket in Frameworks */ = {isa = PBXBuildFile; productRef = FBF265F7302DC2FE00DD9016 /* CocoaMQTTWebSocket */; };
/* End PBXBuildFile section */

/* Begin PBXContainerItemProxy section */
		FB9BABDB3034FD2E00858F73 /* PBXContainerItemProxy */ = {
			isa = PBXContainerItemProxy;
			containerPortal = FBCF7BDD302C1B8E00C85F18 /* Project object */;
			proxyType = 1;
			remoteGlobalIDString = FB9BABC63034FD2D00858F73;
			remoteInfo = LiveMonitorWidgetExtension;
		};
/* End PBXContainerItemProxy section */

/* Begin PBXCopyFilesBuildPhase section */
		FB9BABE23034FD2E00858F73 /* Embed Foundation Extensions */ = {
			isa = PBXCopyFilesBuildPhase;
			buildActionMask = 2147483647;
			dstPath = "";
			dstSubfolderSpec = 13;
			files = (
				FB9BABDD3034FD2E00858F73 /* LiveMonitorWidgetExtension.appex in Embed Foundation Extensions */,
			);
			name = "Embed Foundation Extensions";
			runOnlyForDeploymentPostprocessing = 0;
		};
/* End PBXCopyFilesBuildPhase section */

/* Begin PBXFileReference section */
		FB9BABC73034FD2D00858F73 /* LiveMonitorWidgetExtension.appex */ = {isa = PBXFileReference; explicitFileType = "wrapper.app-extension"; includeInIndex = 0; path = LiveMonitorWidgetExtension.appex; sourceTree = BUILT_PRODUCTS_DIR; };
		FB9BABC93034FD2D00858F73 /* WidgetKit.framework */ = {isa = PBXFileReference; lastKnownFileType = wrapper.framework; name = WidgetKit.framework; path = System/Library/Frameworks/WidgetKit.framework; sourceTree = SDKROOT; };
		FB9BABCB3034FD2D00858F73 /* SwiftUI.framework */ = {isa = PBXFileReference; lastKnownFileType = wrapper.framework; name = SwiftUI.framework; path = System/Library/Frameworks/SwiftUI.framework; sourceTree = SDKROOT; };
		FBCF7BE5302C1B8E00C85F18 /* chal5-ios-app.app */ = {isa = PBXFileReference; explicitFileType = wrapper.application; includeInIndex = 0; path = "chal5-ios-app.app"; sourceTree = BUILT_PRODUCTS_DIR; };
/* End PBXFileReference section */

/* Begin PBXFileSystemSynchronizedBuildFileExceptionSet section */
		FBD41980302E48B2002A7BC0 /* Exceptions for "chal5-ios-app" folder in "chal5-ios-app" target */ = {
			isa = PBXFileSystemSynchronizedBuildFileExceptionSet;
			membershipExceptions = (
				Info.plist,
			);
			target = FBCF7BE4302C1B8E00C85F18 /* chal5-ios-app */;
		};
/* End PBXFileSystemSynchronizedBuildFileExceptionSet section */

/* Begin PBXFileSystemSynchronizedRootGroup section */
		FBCF7BE7302C1B8E00C85F18 /* chal5-ios-app */ = {
			isa = PBXFileSystemSynchronizedRootGroup;
			exceptions = (
				FBD41980302E48B2002A7BC0 /* Exceptions for "chal5-ios-app" folder in "chal5-ios-app" target */,
			);
			path = "chal5-ios-app";
			sourceTree = "<group>";
		};
/* End PBXFileSystemSynchronizedRootGroup section */

/* Begin PBXFrameworksBuildPhase section */
		FB9BABC43034FD2D00858F73 /* Frameworks */ = {
			isa = PBXFrameworksBuildPhase;
			buildActionMask = 2147483647;
			files = (
				FB9BABCC3034FD2D00858F73 /* SwiftUI.framework in Frameworks */,
				FB9BABCA3034FD2D00858F73 /* WidgetKit.framework in Frameworks */,
			);
			runOnlyForDeploymentPostprocessing = 0;
		};
		FBCF7BE2302C1B8E00C85F18 /* Frameworks */ = {
			isa = PBXFrameworksBuildPhase;
			buildActionMask = 2147483647;
			files = (
				FBF265F8302DC2FE00DD9016 /* CocoaMQTTWebSocket in Frameworks */,
				FBF265F6302DC2FE00DD9016 /* CocoaMQTT in Frameworks */,
			);
			runOnlyForDeploymentPostprocessing = 0;
		};
/* End PBXFrameworksBuildPhase section */

/* Begin PBXGroup section */
		FB9BABC83034FD2D00858F73 /* Frameworks */ = {
			isa = PBXGroup;
			children = (
				FB9BABC93034FD2D00858F73 /* WidgetKit.framework */,
				FB9BABCB3034FD2D00858F73 /* SwiftUI.framework */,
			);
			name = Frameworks;
			sourceTree = "<group>";
		};
		FBCF7BDC302C1B8E00C85F18 = {
			isa = PBXGroup;
			children = (
				FBCF7BE7302C1B8E00C85F18 /* chal5-ios-app */,
				FB9BABC83034FD2D00858F73 /* Frameworks */,
				FBCF7BE6302C1B8E00C85F18 /* Products */,
			);
			sourceTree = "<group>";
		};
		FBCF7BE6302C1B8E00C85F18 /* Products */ = {
			isa = PBXGroup;
			children = (
				FBCF7BE5302C1B8E00C85F18 /* chal5-ios-app.app */,
				FB9BABC73034FD2D00858F73 /* LiveMonitorWidgetExtension.appex */,
			);
			name = Products;
			sourceTree = "<group>";
		};
/* End PBXGroup section */

/* Begin PBXNativeTarget section */
		FB9BABC63034FD2D00858F73 /* LiveMonitorWidgetExtension */ = {
			isa = PBXNativeTarget;
			buildConfigurationList = FB9BABDE3034FD2E00858F73 /* Build configuration list for PBXNativeTarget "LiveMonitorWidgetExtension" */;
			buildPhases = (
				FB9BABC33034FD2D00858F73 /* Sources */,
				FB9BABC43034FD2D00858F73 /* Frameworks */,
				FB9BABC53034FD2D00858F73 /* Resources */,
			);
			buildRules = (
			);
			dependencies = (
			);
			name = LiveMonitorWidgetExtension;
			packageProductDependencies = (
			);
			productName = LiveMonitorWidgetExtension;
			productReference = FB9BABC73034FD2D00858F73 /* LiveMonitorWidgetExtension.appex */;
			productType = "com.apple.product-type.app-extension";
		};
		FBCF7BE4302C1B8E00C85F18 /* chal5-ios-app */ = {
			isa = PBXNativeTarget;
			buildConfigurationList = FBCF7BF0302C1B8F00C85F18 /* Build configuration list for PBXNativeTarget "chal5-ios-app" */;
			buildPhases = (
				FBCF7BE1302C1B8E00C85F18 /* Sources */,
				FBCF7BE2302C1B8E00C85F18 /* Frameworks */,
				FBCF7BE3302C1B8E00C85F18 /* Resources */,
				FB9BABE23034FD2E00858F73 /* Embed Foundation Extensions */,
			);
			buildRules = (
			);
			dependencies = (
				FB9BABDC3034FD2E00858F73 /* PBXTargetDependency */,
			);
			fileSystemSynchronizedGroups = (
				FBCF7BE7302C1B8E00C85F18 /* chal5-ios-app */,
			);
			name = "chal5-ios-app";
			packageProductDependencies = (
				FBF265F5302DC2FE00DD9016 /* CocoaMQTT */,
				FBF265F7302DC2FE00DD9016 /* CocoaMQTTWebSocket */,
			);
			productName = "chal5-ios-app";
			productReference = FBCF7BE5302C1B8E00C85F18 /* chal5-ios-app.app */;
			productType = "com.apple.product-type.application";
		};
/* End PBXNativeTarget section */

/* Begin PBXProject section */
		FBCF7BDD302C1B8E00C85F18 /* Project object */ = {
			isa = PBXProject;
			attributes = {
				BuildIndependentTargetsInParallel = 1;
				LastSwiftUpdateCheck = 2660;
				LastUpgradeCheck = 2660;
				TargetAttributes = {
					FB9BABC63034FD2D00858F73 = {
						CreatedOnToolsVersion = 26.6;
					};
					FBCF7BE4302C1B8E00C85F18 = {
						CreatedOnToolsVersion = 26.6;
					};
				};
			};
			buildConfigurationList = FBCF7BE0302C1B8E00C85F18 /* Build configuration list for PBXProject "chal5-ios-app" */;
			developmentRegion = en;
			hasScannedForEncodings = 0;
			knownRegions = (
				en,
				Base,
			);
			mainGroup = FBCF7BDC302C1B8E00C85F18;
			minimizedProjectReferenceProxies = 1;
			packageReferences = (
				FBF265F4302DC2FE00DD9016 /* XCRemoteSwiftPackageReference "CocoaMQTT" */,
			);
			preferredProjectObjectVersion = 77;
			productRefGroup = FBCF7BE6302C1B8E00C85F18 /* Products */;
			projectDirPath = "";
			projectRoot = "";
			targets = (
				FBCF7BE4302C1B8E00C85F18 /* chal5-ios-app */,
				FB9BABC63034FD2D00858F73 /* LiveMonitorWidgetExtension */,
			);
		};
/* End PBXProject section */

/* Begin PBXResourcesBuildPhase section */
		FB9BABC53034FD2D00858F73 /* Resources */ = {
			isa = PBXResourcesBuildPhase;
			buildActionMask = 2147483647;
			files = (
			);
			runOnlyForDeploymentPostprocessing = 0;
		};
		FBCF7BE3302C1B8E00C85F18 /* Resources */ = {
			isa = PBXResourcesBuildPhase;
			buildActionMask = 2147483647;
			files = (
			);
			runOnlyForDeploymentPostprocessing = 0;
		};
/* End PBXResourcesBuildPhase section */

/* Begin PBXSourcesBuildPhase section */
		FB9BABC33034FD2D00858F73 /* Sources */ = {
			isa = PBXSourcesBuildPhase;
			buildActionMask = 2147483647;
			files = (
			);
			runOnlyForDeploymentPostprocessing = 0;
		};
		FBCF7BE1302C1B8E00C85F18 /* Sources */ = {
			isa = PBXSourcesBuildPhase;
			buildActionMask = 2147483647;
			files = (
			);
			runOnlyForDeploymentPostprocessing = 0;
		};
/* End PBXSourcesBuildPhase section */

/* Begin PBXTargetDependency section */
		FB9BABDC3034FD2E00858F73 /* PBXTargetDependency */ = {
			isa = PBXTargetDependency;
			target = FB9BABC63034FD2D00858F73 /* LiveMonitorWidgetExtension */;
			targetProxy = FB9BABDB3034FD2E00858F73 /* PBXContainerItemProxy */;
		};
/* End PBXTargetDependency section */

/* Begin XCBuildConfiguration section */
		FB9BABDF3034FD2E00858F73 /* Debug */ = {
			isa = XCBuildConfiguration;
			buildSettings = {
				ASSETCATALOG_COMPILER_GLOBAL_ACCENT_COLOR_NAME = AccentColor;
				ASSETCATALOG_COMPILER_WIDGET_BACKGROUND_COLOR_NAME = WidgetBackground;
				CODE_SIGN_STYLE = Automatic;
				CURRENT_PROJECT_VERSION = 1;
				DEVELOPMENT_TEAM = XC4BM85HNK;
				GENERATE_INFOPLIST_FILE = YES;
				INFOPLIST_FILE = LiveMonitorWidget/Info.plist;
				INFOPLIST_KEY_CFBundleDisplayName = LiveMonitorWidget;
				INFOPLIST_KEY_NSHumanReadableCopyright = "";
				LD_RUNPATH_SEARCH_PATHS = (
					"$(inherited)",
					"@executable_path/Frameworks",
					"@executable_path/../../Frameworks",
				);
				MARKETING_VERSION = 1.0;
				PRODUCT_BUNDLE_IDENTIFIER = "tariot.chal5-ios-app.LiveMonitorWidget";
				PRODUCT_NAME = "$(TARGET_NAME)";
				SKIP_INSTALL = YES;
				STRING_CATALOG_GENERATE_SYMBOLS = YES;
				SWIFT_APPROACHABLE_CONCURRENCY = YES;
				SWIFT_EMIT_LOC_STRINGS = YES;
				SWIFT_UPCOMING_FEATURE_MEMBER_IMPORT_VISIBILITY = YES;
				SWIFT_VERSION = 5.0;
				TARGETED_DEVICE_FAMILY = "1,2";
			};
			name = Debug;
		};
		FB9BABE03034FD2E00858F73 /* Release */ = {
			isa = XCBuildConfiguration;
			buildSettings = {
				ASSETCATALOG_COMPILER_GLOBAL_ACCENT_COLOR_NAME = AccentColor;
				ASSETCATALOG_COMPILER_WIDGET_BACKGROUND_COLOR_NAME = WidgetBackground;
				CODE_SIGN_STYLE = Automatic;
				CURRENT_PROJECT_VERSION = 1;
				DEVELOPMENT_TEAM = XC4BM85HNK;
				GENERATE_INFOPLIST_FILE = YES;
				INFOPLIST_FILE = LiveMonitorWidget/Info.plist;
				INFOPLIST_KEY_CFBundleDisplayName = LiveMonitorWidget;
				INFOPLIST_KEY_NSHumanReadableCopyright = "";
				LD_RUNPATH_SEARCH_PATHS = (
					"$(inherited)",
					"@executable_path/Frameworks",
					"@executable_path/../../Frameworks",
				);
				MARKETING_VERSION = 1.0;
				PRODUCT_BUNDLE_IDENTIFIER = "tariot.chal5-ios-app.LiveMonitorWidget";
				PRODUCT_NAME = "$(TARGET_NAME)";
				SKIP_INSTALL = YES;
				STRING_CATALOG_GENERATE_SYMBOLS = YES;
				SWIFT_APPROACHABLE_CONCURRENCY = YES;
				SWIFT_EMIT_LOC_STRINGS = YES;
				SWIFT_UPCOMING_FEATURE_MEMBER_IMPORT_VISIBILITY = YES;
				SWIFT_VERSION = 5.0;
				TARGETED_DEVICE_FAMILY = "1,2";
			};
			name = Release;
		};
		FBCF7BEE302C1B8F00C85F18 /* Debug */ = {
			isa = XCBuildConfiguration;
			baseConfigurationReferenceAnchor = FBCF7BE7302C1B8E00C85F18 /* chal5-ios-app */;
			baseConfigurationReferenceRelativePath = Credential/Secrets.xcconfig;
			buildSettings = {
				ALWAYS_SEARCH_USER_PATHS = NO;
				ASSETCATALOG_COMPILER_GENERATE_SWIFT_ASSET_SYMBOL_EXTENSIONS = YES;
				CLANG_ANALYZER_NONNULL = YES;
				CLANG_ANALYZER_NUMBER_OBJECT_CONVERSION = YES_AGGRESSIVE;
				CLANG_CXX_LANGUAGE_STANDARD = "gnu++20";
				CLANG_ENABLE_MODULES = YES;
				CLANG_ENABLE_OBJC_ARC = YES;
				CLANG_ENABLE_OBJC_WEAK = YES;
				CLANG_WARN_BLOCK_CAPTURE_AUTORELEASING = YES;
				CLANG_WARN_BOOL_CONVERSION = YES;
				CLANG_WARN_COMMA = YES;
				CLANG_WARN_CONSTANT_CONVERSION = YES;
				CLANG_WARN_DEPRECATED_OBJC_IMPLEMENTATIONS = YES;
				CLANG_WARN_DIRECT_OBJC_ISA_USAGE = YES_ERROR;
				CLANG_WARN_DOCUMENTATION_COMMENTS = YES;
				CLANG_WARN_EMPTY_BODY = YES;
				CLANG_WARN_ENUM_CONVERSION = YES;
				CLANG_WARN_INFINITE_RECURSION = YES;
				CLANG_WARN_INT_CONVERSION = YES;
				CLANG_WARN_NON_LITERAL_NULL_CONVERSION = YES;
				CLANG_WARN_OBJC_IMPLICIT_RETAIN_SELF = YES;
				CLANG_WARN_OBJC_LITERAL_CONVERSION = YES;
				CLANG_WARN_OBJC_ROOT_CLASS = YES_ERROR;
				CLANG_WARN_QUOTED_INCLUDE_IN_FRAMEWORK_HEADER = YES;
				CLANG_WARN_RANGE_LOOP_ANALYSIS = YES;
				CLANG_WARN_STRICT_PROTOTYPES = YES;
				CLANG_WARN_SUSPICIOUS_MOVE = YES;
				CLANG_WARN_UNGUARDED_AVAILABILITY = YES_AGGRESSIVE;
				CLANG_WARN_UNREACHABLE_CODE = YES;
				CLANG_WARN__DUPLICATE_METHOD_MATCH = YES;
				COPY_PHASE_STRIP = NO;
				DEBUG_INFORMATION_FORMAT = dwarf;
				DEVELOPMENT_TEAM = XC4BM85HNK;
				ENABLE_STRICT_OBJC_MSGSEND = YES;
				ENABLE_TESTABILITY = YES;
				ENABLE_USER_SCRIPT_SANDBOXING = YES;
				GCC_C_LANGUAGE_STANDARD = gnu17;
				GCC_DYNAMIC_NO_PIC = NO;
				GCC_NO_COMMON_BLOCKS = YES;
				GCC_OPTIMIZATION_LEVEL = 0;
				GCC_PREPROCESSOR_DEFINITIONS = (
					"DEBUG=1",
					"$(inherited)",
				);
				GCC_WARN_64_TO_32_BIT_CONVERSION = YES;
				GCC_WARN_ABOUT_RETURN_TYPE = YES_ERROR;
				GCC_WARN_UNDECLARED_SELECTOR = YES;
				GCC_WARN_UNINITIALIZED_AUTOS = YES_AGGRESSIVE;
				GCC_WARN_UNUSED_FUNCTION = YES;
				GCC_WARN_UNUSED_VARIABLE = YES;
				IPHONEOS_DEPLOYMENT_TARGET = 26.5;
				LOCALIZATION_PREFERS_STRING_CATALOGS = YES;
				MTL_ENABLE_DEBUG_INFO = INCLUDE_SOURCE;
				MTL_FAST_MATH = YES;
				ONLY_ACTIVE_ARCH = YES;
				SDKROOT = iphoneos;
				SWIFT_ACTIVE_COMPILATION_CONDITIONS = "DEBUG $(inherited)";
				SWIFT_OPTIMIZATION_LEVEL = "-Onone";
			};
			name = Debug;
		};
		FBCF7BEF302C1B8F00C85F18 /* Release */ = {
			isa = XCBuildConfiguration;
			baseConfigurationReferenceAnchor = FBCF7BE7302C1B8E00C85F18 /* chal5-ios-app */;
			baseConfigurationReferenceRelativePath = Credential/Secrets.xcconfig;
			buildSettings = {
				ALWAYS_SEARCH_USER_PATHS = NO;
				ASSETCATALOG_COMPILER_GENERATE_SWIFT_ASSET_SYMBOL_EXTENSIONS = YES;
				CLANG_ANALYZER_NONNULL = YES;
				CLANG_ANALYZER_NUMBER_OBJECT_CONVERSION = YES_AGGRESSIVE;
				CLANG_CXX_LANGUAGE_STANDARD = "gnu++20";
				CLANG_ENABLE_MODULES = YES;
				CLANG_ENABLE_OBJC_ARC = YES;
				CLANG_ENABLE_OBJC_WEAK = YES;
				CLANG_WARN_BLOCK_CAPTURE_AUTORELEASING = YES;
				CLANG_WARN_BOOL_CONVERSION = YES;
				CLANG_WARN_COMMA = YES;
				CLANG_WARN_CONSTANT_CONVERSION = YES;
				CLANG_WARN_DEPRECATED_OBJC_IMPLEMENTATIONS = YES;
				CLANG_WARN_DIRECT_OBJC_ISA_USAGE = YES_ERROR;
				CLANG_WARN_DOCUMENTATION_COMMENTS = YES;
				CLANG_WARN_EMPTY_BODY = YES;
				CLANG_WARN_ENUM_CONVERSION = YES;
				CLANG_WARN_INFINITE_RECURSION = YES;
				CLANG_WARN_INT_CONVERSION = YES;
				CLANG_WARN_NON_LITERAL_NULL_CONVERSION = YES;
				CLANG_WARN_OBJC_IMPLICIT_RETAIN_SELF = YES;
				CLANG_WARN_OBJC_LITERAL_CONVERSION = YES;
				CLANG_WARN_OBJC_ROOT_CLASS = YES_ERROR;
				CLANG_WARN_QUOTED_INCLUDE_IN_FRAMEWORK_HEADER = YES;
				CLANG_WARN_RANGE_LOOP_ANALYSIS = YES;
				CLANG_WARN_STRICT_PROTOTYPES = YES;
				CLANG_WARN_SUSPICIOUS_MOVE = YES;
				CLANG_WARN_UNGUARDED_AVAILABILITY = YES_AGGRESSIVE;
				CLANG_WARN_UNREACHABLE_CODE = YES;
				CLANG_WARN__DUPLICATE_METHOD_MATCH = YES;
				COPY_PHASE_STRIP = NO;
				DEBUG_INFORMATION_FORMAT = "dwarf-with-dsym";
				DEVELOPMENT_TEAM = XC4BM85HNK;
				ENABLE_NS_ASSERTIONS = NO;
				ENABLE_STRICT_OBJC_MSGSEND = YES;
				ENABLE_USER_SCRIPT_SANDBOXING = YES;
				GCC_C_LANGUAGE_STANDARD = gnu17;
				GCC_NO_COMMON_BLOCKS = YES;
				GCC_WARN_64_TO_32_BIT_CONVERSION = YES;
				GCC_WARN_ABOUT_RETURN_TYPE = YES_ERROR;
				GCC_WARN_UNDECLARED_SELECTOR = YES;
				GCC_WARN_UNINITIALIZED_AUTOS = YES_AGGRESSIVE;
				GCC_WARN_UNUSED_FUNCTION = YES;
				GCC_WARN_UNUSED_VARIABLE = YES;
				IPHONEOS_DEPLOYMENT_TARGET = 26.5;
				LOCALIZATION_PREFERS_STRING_CATALOGS = YES;
				MTL_ENABLE_DEBUG_INFO = NO;
				MTL_FAST_MATH = YES;
				SDKROOT = iphoneos;
				SWIFT_COMPILATION_MODE = wholemodule;
				VALIDATE_PRODUCT = YES;
			};
			name = Release;
		};
		FBCF7BF1302C1B8F00C85F18 /* Debug */ = {
			isa = XCBuildConfiguration;
			baseConfigurationReferenceAnchor = FBCF7BE7302C1B8E00C85F18 /* chal5-ios-app */;
			baseConfigurationReferenceRelativePath = Credential/Secrets.xcconfig;
			buildSettings = {
				ASSETCATALOG_COMPILER_APPICON_NAME = AppIcon;
				ASSETCATALOG_COMPILER_GLOBAL_ACCENT_COLOR_NAME = AccentColor;
				CODE_SIGN_STYLE = Automatic;
				CURRENT_PROJECT_VERSION = 1;
				DEVELOPMENT_TEAM = XC4BM85HNK;
				ENABLE_PREVIEWS = YES;
				GENERATE_INFOPLIST_FILE = YES;
				INFOPLIST_FILE = "chal5-ios-app/Info.plist";
				INFOPLIST_KEY_UIApplicationSceneManifest_Generation = YES;
				INFOPLIST_KEY_UIApplicationSupportsIndirectInputEvents = YES;
				INFOPLIST_KEY_UILaunchScreen_Generation = YES;
				INFOPLIST_KEY_UISupportedInterfaceOrientations = UIInterfaceOrientationPortrait;
				INFOPLIST_KEY_UISupportedInterfaceOrientations_iPad = "UIInterfaceOrientationLandscapeLeft UIInterfaceOrientationLandscapeRight UIInterfaceOrientationPortrait UIInterfaceOrientationPortraitUpsideDown";
				LD_RUNPATH_SEARCH_PATHS = (
					"$(inherited)",
					"@executable_path/Frameworks",
				);
				MARKETING_VERSION = 1.0;
				PRODUCT_BUNDLE_IDENTIFIER = "tariot.chal5-ios-app";
				PRODUCT_NAME = "$(TARGET_NAME)";
				STRING_CATALOG_GENERATE_SYMBOLS = YES;
				SWIFT_APPROACHABLE_CONCURRENCY = YES;
				SWIFT_DEFAULT_ACTOR_ISOLATION = MainActor;
				SWIFT_EMIT_LOC_STRINGS = YES;
				SWIFT_UPCOMING_FEATURE_MEMBER_IMPORT_VISIBILITY = YES;
				SWIFT_VERSION = 5.0;
				TARGETED_DEVICE_FAMILY = "1,2";
			};
			name = Debug;
		};
		FBCF7BF2302C1B8F00C85F18 /* Release */ = {
			isa = XCBuildConfiguration;
			baseConfigurationReferenceAnchor = FBCF7BE7302C1B8E00C85F18 /* chal5-ios-app */;
			baseConfigurationReferenceRelativePath = Credential/Secrets.xcconfig;
			buildSettings = {
				ASSETCATALOG_COMPILER_APPICON_NAME = AppIcon;
				ASSETCATALOG_COMPILER_GLOBAL_ACCENT_COLOR_NAME = AccentColor;
				CODE_SIGN_STYLE = Automatic;
				CURRENT_PROJECT_VERSION = 1;
				DEVELOPMENT_TEAM = XC4BM85HNK;
				ENABLE_PREVIEWS = YES;
				GENERATE_INFOPLIST_FILE = YES;
				INFOPLIST_FILE = "chal5-ios-app/Info.plist";
				INFOPLIST_KEY_UIApplicationSceneManifest_Generation = YES;
				INFOPLIST_KEY_UIApplicationSupportsIndirectInputEvents = YES;
				INFOPLIST_KEY_UILaunchScreen_Generation = YES;
				INFOPLIST_KEY_UISupportedInterfaceOrientations = UIInterfaceOrientationPortrait;
				INFOPLIST_KEY_UISupportedInterfaceOrientations_iPad = "UIInterfaceOrientationLandscapeLeft UIInterfaceOrientationLandscapeRight UIInterfaceOrientationPortrait UIInterfaceOrientationPortraitUpsideDown";
				LD_RUNPATH_SEARCH_PATHS = (
					"$(inherited)",
					"@executable_path/Frameworks",
				);
				MARKETING_VERSION = 1.0;
				PRODUCT_BUNDLE_IDENTIFIER = "tariot.chal5-ios-app";
				PRODUCT_NAME = "$(TARGET_NAME)";
				STRING_CATALOG_GENERATE_SYMBOLS = YES;
				SWIFT_APPROACHABLE_CONCURRENCY = YES;
				SWIFT_DEFAULT_ACTOR_ISOLATION = MainActor;
				SWIFT_EMIT_LOC_STRINGS = YES;
				SWIFT_UPCOMING_FEATURE_MEMBER_IMPORT_VISIBILITY = YES;
				SWIFT_VERSION = 5.0;
				TARGETED_DEVICE_FAMILY = "1,2";
			};
			name = Release;
		};
/* End XCBuildConfiguration section */

/* Begin XCConfigurationList section */
		FB9BABDE3034FD2E00858F73 /* Build configuration list for PBXNativeTarget "LiveMonitorWidgetExtension" */ = {
			isa = XCConfigurationList;
			buildConfigurations = (
				FB9BABDF3034FD2E00858F73 /* Debug */,
				FB9BABE03034FD2E00858F73 /* Release */,
			);
			defaultConfigurationIsVisible = 0;
			defaultConfigurationName = Release;
		};
		FBCF7BE0302C1B8E00C85F18 /* Build configuration list for PBXProject "chal5-ios-app" */ = {
			isa = XCConfigurationList;
			buildConfigurations = (
				FBCF7BEE302C1B8F00C85F18 /* Debug */,
				FBCF7BEF302C1B8F00C85F18 /* Release */,
			);
			defaultConfigurationIsVisible = 0;
			defaultConfigurationName = Release;
		};
		FBCF7BF0302C1B8F00C85F18 /* Build configuration list for PBXNativeTarget "chal5-ios-app" */ = {
			isa = XCConfigurationList;
			buildConfigurations = (
				FBCF7BF1302C1B8F00C85F18 /* Debug */,
				FBCF7BF2302C1B8F00C85F18 /* Release */,
			);
			defaultConfigurationIsVisible = 0;
			defaultConfigurationName = Release;
		};
/* End XCConfigurationList section */

/* Begin XCRemoteSwiftPackageReference section */
		FBF265F4302DC2FE00DD9016 /* XCRemoteSwiftPackageReference "CocoaMQTT" */ = {
			isa = XCRemoteSwiftPackageReference;
			repositoryURL = "https://github.com/emqx/CocoaMQTT.git";
			requirement = {
				kind = upToNextMajorVersion;
				minimumVersion = 2.4.0;
			};
		};
/* End XCRemoteSwiftPackageReference section */

/* Begin XCSwiftPackageProductDependency section */
		FBF265F5302DC2FE00DD9016 /* CocoaMQTT */ = {
			isa = XCSwiftPackageProductDependency;
			package = FBF265F4302DC2FE00DD9016 /* XCRemoteSwiftPackageReference "CocoaMQTT" */;
			productName = CocoaMQTT;
		};
		FBF265F7302DC2FE00DD9016 /* CocoaMQTTWebSocket */ = {
			isa = XCSwiftPackageProductDependency;
			package = FBF265F4302DC2FE00DD9016 /* XCRemoteSwiftPackageReference "CocoaMQTT" */;
			productName = CocoaMQTTWebSocket;
		};
/* End XCSwiftPackageProductDependency section */
	};
	rootObject = FBCF7BDD302C1B8E00C85F18 /* Project object */;
}
